
Microsoft Visual Studio Solution File, Format Version 12.00
# Visual Studio Version 17
VisualStudioVersion = 17.9.34902.65
MinimumVisualStudioVersion = 10.0.40219.1
Project("{FAE04EC0-301F-11D3-BF4B-00C04F79EFBC}") = "HospitalManagementSys", "HospitalManagementSys.csproj", "{395D2510-D856-4A75-9A9C-AA122540A25A}"
EndProject
Global
	GlobalSection(SolutionConfigurationPlatforms) = preSolution
		Debug|Any CPU = Debug|Any CPU
		Release|Any CPU = Release|Any CPU
	EndGlobalSection
	GlobalSection(ProjectConfigurationPlatforms) = postSolution
		{395D2510-D856-4A75-9A9C-AA122540A25A}.Debug|Any CPU.ActiveCfg = Debug|Any CPU
		{395D2510-D856-4A75-9A9C-AA122540A25A}.Debug|Any CPU.Build.0 = Debug|Any CPU
		{395D2510-D856-4A75-9A9C-AA122540A25A}.Release|Any CPU.ActiveCfg = Release|Any CPU
		{395D2510-D856-4A75-9A9C-AA122540A25A}.Release|Any CPU.Build.0 = Release|Any CPU
	EndGlobalSection
	GlobalSection(SolutionProperties) = preSolution
		HideSolutionNode = FALSE
	EndGlobalSection
	GlobalSection(ExtensibilityGlobals) = postSolution
		SolutionGuid = {9B5E76DE-D258-4D21-B02D-BE811B5B4555}
	EndGlobalSection
EndGlobal
